
Microsoft Visual Studio Solution File, Format Version 12.00
# Visual Studio Version 17
VisualStudioVersion = 17.13.35828.75 d17.13
MinimumVisualStudioVersion = 10.0.40219.1
Project("{FAE04EC0-301F-11D3-BF4B-00C04F79EFBC}") = "SerialPortPrinter", "SerialPortPrinter.csproj", "{9CBFDC14-5105-4DB5-A408-5A537F25E188}"
EndProject
Global
	GlobalSection(SolutionConfigurationPlatforms) = preSolution
		Debug|Any CPU = Debug|Any CPU
		Release|Any CPU = Release|Any CPU
	EndGlobalSection
	GlobalSection(ProjectConfigurationPlatforms) = postSolution
		{9CBFDC14-5105-4DB5-A408-5A537F25E188}.Debug|Any CPU.ActiveCfg = Debug|Any CPU
		{9CBFDC14-5105-4DB5-A408-5A537F25E188}.Debug|Any CPU.Build.0 = Debug|Any CPU
		{9CBFDC14-5105-4DB5-A408-5A537F25E188}.Release|Any CPU.ActiveCfg = Release|Any CPU
		{9CBFDC14-5105-4DB5-A408-5A537F25E188}.Release|Any CPU.Build.0 = Release|Any CPU
	EndGlobalSection
	GlobalSection(SolutionProperties) = preSolution
		HideSolutionNode = FALSE
	EndGlobalSection
	GlobalSection(ExtensibilityGlobals) = postSolution
		SolutionGuid = {BD129F6E-98B5-49F3-8666-8686D0DF4F74}
	EndGlobalSection
EndGlobal
